
Microsoft Visual Studio Solution File, Format Version 12.00
# Visual Studio 14
VisualStudioVersion = 14.0.25420.1
MinimumVisualStudioVersion = 10.0.40219.1
Project("{8BC9CEB8-8B4A-11D0-8D11-00A0C91BC942}") = "basic", "basic.vcxproj", "{DBFEF8CA-2A19-4DC6-A718-157D039532BF}"
EndProject
Project("{8BC9CEB8-8B4A-11D0-8D11-00A0C91BC942}") = "basic_test", "basic_test\basic_test.vcxproj", "{9B91EABB-A501-4DF6-80DC-98F73478B104}"
	ProjectSection(ProjectDependencies) = postProject
		{DBFEF8CA-2A19-4DC6-A718-157D039532BF} = {DBFEF8CA-2A19-4DC6-A718-157D039532BF}
	EndProjectSection
EndProject
Global
	GlobalSection(SolutionConfigurationPlatforms) = preSolution
		Debug DLL|x64 = Debug DLL|x64
		Debug DLL|x86 = Debug DLL|x86
		Debug|x64 = Debug|x64
		Debug|x86 = Debug|x86
		Release DLL|x64 = Release DLL|x64
		Release DLL|x86 = Release DLL|x86
		Release|x64 = Release|x64
		Release|x86 = Release|x86
	EndGlobalSection
	GlobalSection(ProjectConfigurationPlatforms) = postSolution
		{DBFEF8CA-2A19-4DC6-A718-157D039532BF}.Debug DLL|x64.ActiveCfg = Debug DLL|x64
		{DBFEF8CA-2A19-4DC6-A718-157D039532BF}.Debug DLL|x64.Build.0 = Debug DLL|x64
		{DBFEF8CA-2A19-4DC6-A718-157D039532BF}.Debug DLL|x86.ActiveCfg = Debug DLL|Win32
		{DBFEF8CA-2A19-4DC6-A718-157D039532BF}.Debug DLL|x86.Build.0 = Debug DLL|Win32
		{DBFEF8CA-2A19-4DC6-A718-157D039532BF}.Debug|x64.ActiveCfg = Debug|x64
		{DBFEF8CA-2A19-4DC6-A718-157D039532BF}.Debug|x64.Build.0 = Debug|x64
		{DBFEF8CA-2A19-4DC6-A718-157D039532BF}.Debug|x86.ActiveCfg = Debug|Win32
		{DBFEF8CA-2A19-4DC6-A718-157D039532BF}.Debug|x86.Build.0 = Debug|Win32
		{DBFEF8CA-2A19-4DC6-A718-157D039532BF}.Release DLL|x64.ActiveCfg = Release DLL|x64
		{DBFEF8CA-2A19-4DC6-A718-157D039532BF}.Release DLL|x64.Build.0 = Release DLL|x64
		{DBFEF8CA-2A19-4DC6-A718-157D039532BF}.Release DLL|x86.ActiveCfg = Release DLL|Win32
		{DBFEF8CA-2A19-4DC6-A718-157D039532BF}.Release DLL|x86.Build.0 = Release DLL|Win32
		{DBFEF8CA-2A19-4DC6-A718-157D039532BF}.Release|x64.ActiveCfg = Release|x64
		{DBFEF8CA-2A19-4DC6-A718-157D039532BF}.Release|x64.Build.0 = Release|x64
		{DBFEF8CA-2A19-4DC6-A718-157D039532BF}.Release|x86.ActiveCfg = Release|Win32
		{DBFEF8CA-2A19-4DC6-A718-157D039532BF}.Release|x86.Build.0 = Release|Win32
		{9B91EABB-A501-4DF6-80DC-98F73478B104}.Debug DLL|x64.ActiveCfg = Debug DLL|x64
		{9B91EABB-A501-4DF6-80DC-98F73478B104}.Debug DLL|x64.Build.0 = Debug DLL|x64
		{9B91EABB-A501-4DF6-80DC-98F73478B104}.Debug DLL|x86.ActiveCfg = Debug DLL|Win32
		{9B91EABB-A501-4DF6-80DC-98F73478B104}.Debug DLL|x86.Build.0 = Debug DLL|Win32
		{9B91EABB-A501-4DF6-80DC-98F73478B104}.Debug|x64.ActiveCfg = Debug|x64
		{9B91EABB-A501-4DF6-80DC-98F73478B104}.Debug|x64.Build.0 = Debug|x64
		{9B91EABB-A501-4DF6-80DC-98F73478B104}.Debug|x86.ActiveCfg = Debug|Win32
		{9B91EABB-A501-4DF6-80DC-98F73478B104}.Debug|x86.Build.0 = Debug|Win32
		{9B91EABB-A501-4DF6-80DC-98F73478B104}.Release DLL|x64.ActiveCfg = Release DLL|x64
		{9B91EABB-A501-4DF6-80DC-98F73478B104}.Release DLL|x64.Build.0 = Release DLL|x64
		{9B91EABB-A501-4DF6-80DC-98F73478B104}.Release DLL|x86.ActiveCfg = Release DLL|Win32
		{9B91EABB-A501-4DF6-80DC-98F73478B104}.Release DLL|x86.Build.0 = Release DLL|Win32
		{9B91EABB-A501-4DF6-80DC-98F73478B104}.Release|x64.ActiveCfg = Release|x64
		{9B91EABB-A501-4DF6-80DC-98F73478B104}.Release|x64.Build.0 = Release|x64
		{9B91EABB-A501-4DF6-80DC-98F73478B104}.Release|x86.ActiveCfg = Release|Win32
		{9B91EABB-A501-4DF6-80DC-98F73478B104}.Release|x86.Build.0 = Release|Win32
	EndGlobalSection
	GlobalSection(SolutionProperties) = preSolution
		HideSolutionNode = FALSE
	EndGlobalSection
EndGlobal
