
Microsoft Visual Studio Solution File, Format Version 12.00
# Visual Studio Version 17
VisualStudioVersion = 17.5.33502.453
MinimumVisualStudioVersion = 10.0.40219.1
Project("{8BC9CEB8-8B4A-11D0-8D11-00A0C91BC942}") = "advocats_book", "advocats_book\advocats_book.vcxproj", "{E94BA609-7AD3-467B-B124-CCF96167F3BF}"
	ProjectSection(ProjectDependencies) = postProject
		{0C775773-F09F-4E44-AA25-80B6EEEF2CAD} = {0C775773-F09F-4E44-AA25-80B6EEEF2CAD}
		{2BA536D1-373B-44DF-B160-E437E00278FA} = {2BA536D1-373B-44DF-B160-E437E00278FA}
		{3D29AB17-3AE9-46E3-8915-D128F4CA3B40} = {3D29AB17-3AE9-46E3-8915-D128F4CA3B40}
		{6005D01D-4AB5-41DE-875F-E0C54AEA7E40} = {6005D01D-4AB5-41DE-875F-E0C54AEA7E40}
		{B1371C0C-6520-451E-BAC5-4FBEC01CD7EA} = {B1371C0C-6520-451E-BAC5-4FBEC01CD7EA}
		{C3FC1C5B-B26F-4049-B827-5B83D294209B} = {C3FC1C5B-B26F-4049-B827-5B83D294209B}
		{DBFEF8CA-2A19-4DC6-A718-157D039532BF} = {DBFEF8CA-2A19-4DC6-A718-157D039532BF}
		{DF7DE25D-F032-4BFD-BFC9-8D25E7FD5D92} = {DF7DE25D-F032-4BFD-BFC9-8D25E7FD5D92}
		{E46C0A02-6CD9-43D8-9DBF-295C64ADCC81} = {E46C0A02-6CD9-43D8-9DBF-295C64ADCC81}
		{E4BB857A-1E17-4203-BBE6-A4DAF82913FB} = {E4BB857A-1E17-4203-BBE6-A4DAF82913FB}
		{E80E0509-21D7-4A1E-AE33-C16633261EF4} = {E80E0509-21D7-4A1E-AE33-C16633261EF4}
	EndProjectSection
EndProject
Project("{8BC9CEB8-8B4A-11D0-8D11-00A0C91BC942}") = "basic", "..\basic\basic.vcxproj", "{DBFEF8CA-2A19-4DC6-A718-157D039532BF}"
EndProject
Project("{8BC9CEB8-8B4A-11D0-8D11-00A0C91BC942}") = "date", "..\date\date.vcxproj", "{E80E0509-21D7-4A1E-AE33-C16633261EF4}"
	ProjectSection(ProjectDependencies) = postProject
		{DBFEF8CA-2A19-4DC6-A718-157D039532BF} = {DBFEF8CA-2A19-4DC6-A718-157D039532BF}
	EndProjectSection
EndProject
Project("{8BC9CEB8-8B4A-11D0-8D11-00A0C91BC942}") = "table", "..\table\table.vcxproj", "{2BA536D1-373B-44DF-B160-E437E00278FA}"
	ProjectSection(ProjectDependencies) = postProject
		{DBFEF8CA-2A19-4DC6-A718-157D039532BF} = {DBFEF8CA-2A19-4DC6-A718-157D039532BF}
	EndProjectSection
EndProject
Project("{8BC9CEB8-8B4A-11D0-8D11-00A0C91BC942}") = "db", "..\db\db.vcxproj", "{E4BB857A-1E17-4203-BBE6-A4DAF82913FB}"
	ProjectSection(ProjectDependencies) = postProject
		{DBFEF8CA-2A19-4DC6-A718-157D039532BF} = {DBFEF8CA-2A19-4DC6-A718-157D039532BF}
		{E80E0509-21D7-4A1E-AE33-C16633261EF4} = {E80E0509-21D7-4A1E-AE33-C16633261EF4}
	EndProjectSection
EndProject
Project("{8BC9CEB8-8B4A-11D0-8D11-00A0C91BC942}") = "xwindows", "..\xwindows\xwindows.vcxproj", "{0C775773-F09F-4E44-AA25-80B6EEEF2CAD}"
	ProjectSection(ProjectDependencies) = postProject
		{DBFEF8CA-2A19-4DC6-A718-157D039532BF} = {DBFEF8CA-2A19-4DC6-A718-157D039532BF}
	EndProjectSection
EndProject
Project("{8BC9CEB8-8B4A-11D0-8D11-00A0C91BC942}") = "db_ext", "..\db_ext\db_ext.vcxproj", "{C3FC1C5B-B26F-4049-B827-5B83D294209B}"
	ProjectSection(ProjectDependencies) = postProject
		{2BA536D1-373B-44DF-B160-E437E00278FA} = {2BA536D1-373B-44DF-B160-E437E00278FA}
		{DBFEF8CA-2A19-4DC6-A718-157D039532BF} = {DBFEF8CA-2A19-4DC6-A718-157D039532BF}
		{E4BB857A-1E17-4203-BBE6-A4DAF82913FB} = {E4BB857A-1E17-4203-BBE6-A4DAF82913FB}
		{E80E0509-21D7-4A1E-AE33-C16633261EF4} = {E80E0509-21D7-4A1E-AE33-C16633261EF4}
	EndProjectSection
EndProject
Project("{8BC9CEB8-8B4A-11D0-8D11-00A0C91BC942}") = "grid", "..\grid\grid.vcxproj", "{6005D01D-4AB5-41DE-875F-E0C54AEA7E40}"
	ProjectSection(ProjectDependencies) = postProject
		{0C775773-F09F-4E44-AA25-80B6EEEF2CAD} = {0C775773-F09F-4E44-AA25-80B6EEEF2CAD}
		{DBFEF8CA-2A19-4DC6-A718-157D039532BF} = {DBFEF8CA-2A19-4DC6-A718-157D039532BF}
	EndProjectSection
EndProject
Project("{8BC9CEB8-8B4A-11D0-8D11-00A0C91BC942}") = "editable_grid", "..\editable_grid\editable_grid.vcxproj", "{3D29AB17-3AE9-46E3-8915-D128F4CA3B40}"
	ProjectSection(ProjectDependencies) = postProject
		{0C775773-F09F-4E44-AA25-80B6EEEF2CAD} = {0C775773-F09F-4E44-AA25-80B6EEEF2CAD}
		{6005D01D-4AB5-41DE-875F-E0C54AEA7E40} = {6005D01D-4AB5-41DE-875F-E0C54AEA7E40}
		{DBFEF8CA-2A19-4DC6-A718-157D039532BF} = {DBFEF8CA-2A19-4DC6-A718-157D039532BF}
	EndProjectSection
EndProject
Project("{8BC9CEB8-8B4A-11D0-8D11-00A0C91BC942}") = "db_controls", "..\db_controls\db_controls.vcxproj", "{E46C0A02-6CD9-43D8-9DBF-295C64ADCC81}"
	ProjectSection(ProjectDependencies) = postProject
		{0C775773-F09F-4E44-AA25-80B6EEEF2CAD} = {0C775773-F09F-4E44-AA25-80B6EEEF2CAD}
		{2BA536D1-373B-44DF-B160-E437E00278FA} = {2BA536D1-373B-44DF-B160-E437E00278FA}
		{3D29AB17-3AE9-46E3-8915-D128F4CA3B40} = {3D29AB17-3AE9-46E3-8915-D128F4CA3B40}
		{6005D01D-4AB5-41DE-875F-E0C54AEA7E40} = {6005D01D-4AB5-41DE-875F-E0C54AEA7E40}
		{C3FC1C5B-B26F-4049-B827-5B83D294209B} = {C3FC1C5B-B26F-4049-B827-5B83D294209B}
		{DBFEF8CA-2A19-4DC6-A718-157D039532BF} = {DBFEF8CA-2A19-4DC6-A718-157D039532BF}
		{E4BB857A-1E17-4203-BBE6-A4DAF82913FB} = {E4BB857A-1E17-4203-BBE6-A4DAF82913FB}
		{E80E0509-21D7-4A1E-AE33-C16633261EF4} = {E80E0509-21D7-4A1E-AE33-C16633261EF4}
	EndProjectSection
EndProject
Project("{8BC9CEB8-8B4A-11D0-8D11-00A0C91BC942}") = "acts_form", "acts_form\acts_form.vcxproj", "{E05CFF00-567A-4EFA-B014-93EB1B68A9EE}"
	ProjectSection(ProjectDependencies) = postProject
		{0C775773-F09F-4E44-AA25-80B6EEEF2CAD} = {0C775773-F09F-4E44-AA25-80B6EEEF2CAD}
		{2BA536D1-373B-44DF-B160-E437E00278FA} = {2BA536D1-373B-44DF-B160-E437E00278FA}
		{3D29AB17-3AE9-46E3-8915-D128F4CA3B40} = {3D29AB17-3AE9-46E3-8915-D128F4CA3B40}
		{6005D01D-4AB5-41DE-875F-E0C54AEA7E40} = {6005D01D-4AB5-41DE-875F-E0C54AEA7E40}
		{B1371C0C-6520-451E-BAC5-4FBEC01CD7EA} = {B1371C0C-6520-451E-BAC5-4FBEC01CD7EA}
		{C3FC1C5B-B26F-4049-B827-5B83D294209B} = {C3FC1C5B-B26F-4049-B827-5B83D294209B}
		{DBFEF8CA-2A19-4DC6-A718-157D039532BF} = {DBFEF8CA-2A19-4DC6-A718-157D039532BF}
		{DF7DE25D-F032-4BFD-BFC9-8D25E7FD5D92} = {DF7DE25D-F032-4BFD-BFC9-8D25E7FD5D92}
		{E46C0A02-6CD9-43D8-9DBF-295C64ADCC81} = {E46C0A02-6CD9-43D8-9DBF-295C64ADCC81}
		{E4BB857A-1E17-4203-BBE6-A4DAF82913FB} = {E4BB857A-1E17-4203-BBE6-A4DAF82913FB}
		{E80E0509-21D7-4A1E-AE33-C16633261EF4} = {E80E0509-21D7-4A1E-AE33-C16633261EF4}
	EndProjectSection
EndProject
Project("{8BC9CEB8-8B4A-11D0-8D11-00A0C91BC942}") = "xwindows_ex", "..\xwindows_ex\xwindows_ex.vcxproj", "{DF7DE25D-F032-4BFD-BFC9-8D25E7FD5D92}"
	ProjectSection(ProjectDependencies) = postProject
		{0C775773-F09F-4E44-AA25-80B6EEEF2CAD} = {0C775773-F09F-4E44-AA25-80B6EEEF2CAD}
		{DBFEF8CA-2A19-4DC6-A718-157D039532BF} = {DBFEF8CA-2A19-4DC6-A718-157D039532BF}
	EndProjectSection
EndProject
Project("{8BC9CEB8-8B4A-11D0-8D11-00A0C91BC942}") = "search_form", "search_form\search_form.vcxproj", "{0F17D73B-DAEF-4B35-BE79-E17DDC9BD44F}"
	ProjectSection(ProjectDependencies) = postProject
		{0C775773-F09F-4E44-AA25-80B6EEEF2CAD} = {0C775773-F09F-4E44-AA25-80B6EEEF2CAD}
		{2BA536D1-373B-44DF-B160-E437E00278FA} = {2BA536D1-373B-44DF-B160-E437E00278FA}
		{3D29AB17-3AE9-46E3-8915-D128F4CA3B40} = {3D29AB17-3AE9-46E3-8915-D128F4CA3B40}
		{6005D01D-4AB5-41DE-875F-E0C54AEA7E40} = {6005D01D-4AB5-41DE-875F-E0C54AEA7E40}
		{B1371C0C-6520-451E-BAC5-4FBEC01CD7EA} = {B1371C0C-6520-451E-BAC5-4FBEC01CD7EA}
		{C3FC1C5B-B26F-4049-B827-5B83D294209B} = {C3FC1C5B-B26F-4049-B827-5B83D294209B}
		{DBFEF8CA-2A19-4DC6-A718-157D039532BF} = {DBFEF8CA-2A19-4DC6-A718-157D039532BF}
		{DF7DE25D-F032-4BFD-BFC9-8D25E7FD5D92} = {DF7DE25D-F032-4BFD-BFC9-8D25E7FD5D92}
		{E46C0A02-6CD9-43D8-9DBF-295C64ADCC81} = {E46C0A02-6CD9-43D8-9DBF-295C64ADCC81}
		{E4BB857A-1E17-4203-BBE6-A4DAF82913FB} = {E4BB857A-1E17-4203-BBE6-A4DAF82913FB}
		{E80E0509-21D7-4A1E-AE33-C16633261EF4} = {E80E0509-21D7-4A1E-AE33-C16633261EF4}
	EndProjectSection
EndProject
Project("{8BC9CEB8-8B4A-11D0-8D11-00A0C91BC942}") = "forms_common", "forms_common\forms_common.vcxproj", "{B1371C0C-6520-451E-BAC5-4FBEC01CD7EA}"
EndProject
Project("{8BC9CEB8-8B4A-11D0-8D11-00A0C91BC942}") = "psycho_book", "psycho_book\psycho_book.vcxproj", "{CE4FA91A-8F3D-4CD3-875D-C2985135F520}"
	ProjectSection(ProjectDependencies) = postProject
		{0C775773-F09F-4E44-AA25-80B6EEEF2CAD} = {0C775773-F09F-4E44-AA25-80B6EEEF2CAD}
		{2BA536D1-373B-44DF-B160-E437E00278FA} = {2BA536D1-373B-44DF-B160-E437E00278FA}
		{3D29AB17-3AE9-46E3-8915-D128F4CA3B40} = {3D29AB17-3AE9-46E3-8915-D128F4CA3B40}
		{6005D01D-4AB5-41DE-875F-E0C54AEA7E40} = {6005D01D-4AB5-41DE-875F-E0C54AEA7E40}
		{B1371C0C-6520-451E-BAC5-4FBEC01CD7EA} = {B1371C0C-6520-451E-BAC5-4FBEC01CD7EA}
		{C3FC1C5B-B26F-4049-B827-5B83D294209B} = {C3FC1C5B-B26F-4049-B827-5B83D294209B}
		{DBFEF8CA-2A19-4DC6-A718-157D039532BF} = {DBFEF8CA-2A19-4DC6-A718-157D039532BF}
		{DF7DE25D-F032-4BFD-BFC9-8D25E7FD5D92} = {DF7DE25D-F032-4BFD-BFC9-8D25E7FD5D92}
		{E46C0A02-6CD9-43D8-9DBF-295C64ADCC81} = {E46C0A02-6CD9-43D8-9DBF-295C64ADCC81}
		{E4BB857A-1E17-4203-BBE6-A4DAF82913FB} = {E4BB857A-1E17-4203-BBE6-A4DAF82913FB}
		{E80E0509-21D7-4A1E-AE33-C16633261EF4} = {E80E0509-21D7-4A1E-AE33-C16633261EF4}
	EndProjectSection
EndProject
Global
	GlobalSection(SolutionConfigurationPlatforms) = preSolution
		Debug|x64 = Debug|x64
		Debug|x86 = Debug|x86
		Release|x64 = Release|x64
		Release|x86 = Release|x86
	EndGlobalSection
	GlobalSection(ProjectConfigurationPlatforms) = postSolution
		{E94BA609-7AD3-467B-B124-CCF96167F3BF}.Debug|x64.ActiveCfg = Debug|x64
		{E94BA609-7AD3-467B-B124-CCF96167F3BF}.Debug|x64.Build.0 = Debug|x64
		{E94BA609-7AD3-467B-B124-CCF96167F3BF}.Debug|x86.ActiveCfg = Debug|Win32
		{E94BA609-7AD3-467B-B124-CCF96167F3BF}.Debug|x86.Build.0 = Debug|Win32
		{E94BA609-7AD3-467B-B124-CCF96167F3BF}.Release|x64.ActiveCfg = Release|x64
		{E94BA609-7AD3-467B-B124-CCF96167F3BF}.Release|x64.Build.0 = Release|x64
		{E94BA609-7AD3-467B-B124-CCF96167F3BF}.Release|x86.ActiveCfg = Release|Win32
		{E94BA609-7AD3-467B-B124-CCF96167F3BF}.Release|x86.Build.0 = Release|Win32
		{DBFEF8CA-2A19-4DC6-A718-157D039532BF}.Debug|x64.ActiveCfg = Debug|x64
		{DBFEF8CA-2A19-4DC6-A718-157D039532BF}.Debug|x64.Build.0 = Debug|x64
		{DBFEF8CA-2A19-4DC6-A718-157D039532BF}.Debug|x86.ActiveCfg = Debug|Win32
		{DBFEF8CA-2A19-4DC6-A718-157D039532BF}.Debug|x86.Build.0 = Debug|Win32
		{DBFEF8CA-2A19-4DC6-A718-157D039532BF}.Release|x64.ActiveCfg = Release|x64
		{DBFEF8CA-2A19-4DC6-A718-157D039532BF}.Release|x64.Build.0 = Release|x64
		{DBFEF8CA-2A19-4DC6-A718-157D039532BF}.Release|x86.ActiveCfg = Release|Win32
		{DBFEF8CA-2A19-4DC6-A718-157D039532BF}.Release|x86.Build.0 = Release|Win32
		{E80E0509-21D7-4A1E-AE33-C16633261EF4}.Debug|x64.ActiveCfg = Debug|x64
		{E80E0509-21D7-4A1E-AE33-C16633261EF4}.Debug|x64.Build.0 = Debug|x64
		{E80E0509-21D7-4A1E-AE33-C16633261EF4}.Debug|x86.ActiveCfg = Debug|Win32
		{E80E0509-21D7-4A1E-AE33-C16633261EF4}.Debug|x86.Build.0 = Debug|Win32
		{E80E0509-21D7-4A1E-AE33-C16633261EF4}.Release|x64.ActiveCfg = Release|x64
		{E80E0509-21D7-4A1E-AE33-C16633261EF4}.Release|x64.Build.0 = Release|x64
		{E80E0509-21D7-4A1E-AE33-C16633261EF4}.Release|x86.ActiveCfg = Release|Win32
		{E80E0509-21D7-4A1E-AE33-C16633261EF4}.Release|x86.Build.0 = Release|Win32
		{2BA536D1-373B-44DF-B160-E437E00278FA}.Debug|x64.ActiveCfg = Debug|x64
		{2BA536D1-373B-44DF-B160-E437E00278FA}.Debug|x64.Build.0 = Debug|x64
		{2BA536D1-373B-44DF-B160-E437E00278FA}.Debug|x86.ActiveCfg = Debug|Win32
		{2BA536D1-373B-44DF-B160-E437E00278FA}.Debug|x86.Build.0 = Debug|Win32
		{2BA536D1-373B-44DF-B160-E437E00278FA}.Release|x64.ActiveCfg = Release|x64
		{2BA536D1-373B-44DF-B160-E437E00278FA}.Release|x64.Build.0 = Release|x64
		{2BA536D1-373B-44DF-B160-E437E00278FA}.Release|x86.ActiveCfg = Release|Win32
		{2BA536D1-373B-44DF-B160-E437E00278FA}.Release|x86.Build.0 = Release|Win32
		{E4BB857A-1E17-4203-BBE6-A4DAF82913FB}.Debug|x64.ActiveCfg = Debug|x64
		{E4BB857A-1E17-4203-BBE6-A4DAF82913FB}.Debug|x64.Build.0 = Debug|x64
		{E4BB857A-1E17-4203-BBE6-A4DAF82913FB}.Debug|x86.ActiveCfg = Debug|Win32
		{E4BB857A-1E17-4203-BBE6-A4DAF82913FB}.Debug|x86.Build.0 = Debug|Win32
		{E4BB857A-1E17-4203-BBE6-A4DAF82913FB}.Release|x64.ActiveCfg = Release|x64
		{E4BB857A-1E17-4203-BBE6-A4DAF82913FB}.Release|x64.Build.0 = Release|x64
		{E4BB857A-1E17-4203-BBE6-A4DAF82913FB}.Release|x86.ActiveCfg = Release|Win32
		{E4BB857A-1E17-4203-BBE6-A4DAF82913FB}.Release|x86.Build.0 = Release|Win32
		{0C775773-F09F-4E44-AA25-80B6EEEF2CAD}.Debug|x64.ActiveCfg = Debug|x64
		{0C775773-F09F-4E44-AA25-80B6EEEF2CAD}.Debug|x64.Build.0 = Debug|x64
		{0C775773-F09F-4E44-AA25-80B6EEEF2CAD}.Debug|x86.ActiveCfg = Debug|Win32
		{0C775773-F09F-4E44-AA25-80B6EEEF2CAD}.Debug|x86.Build.0 = Debug|Win32
		{0C775773-F09F-4E44-AA25-80B6EEEF2CAD}.Release|x64.ActiveCfg = Release|x64
		{0C775773-F09F-4E44-AA25-80B6EEEF2CAD}.Release|x64.Build.0 = Release|x64
		{0C775773-F09F-4E44-AA25-80B6EEEF2CAD}.Release|x86.ActiveCfg = Release|Win32
		{0C775773-F09F-4E44-AA25-80B6EEEF2CAD}.Release|x86.Build.0 = Release|Win32
		{C3FC1C5B-B26F-4049-B827-5B83D294209B}.Debug|x64.ActiveCfg = Debug|x64
		{C3FC1C5B-B26F-4049-B827-5B83D294209B}.Debug|x64.Build.0 = Debug|x64
		{C3FC1C5B-B26F-4049-B827-5B83D294209B}.Debug|x86.ActiveCfg = Debug|Win32
		{C3FC1C5B-B26F-4049-B827-5B83D294209B}.Debug|x86.Build.0 = Debug|Win32
		{C3FC1C5B-B26F-4049-B827-5B83D294209B}.Release|x64.ActiveCfg = Release|x64
		{C3FC1C5B-B26F-4049-B827-5B83D294209B}.Release|x64.Build.0 = Release|x64
		{C3FC1C5B-B26F-4049-B827-5B83D294209B}.Release|x86.ActiveCfg = Release|Win32
		{C3FC1C5B-B26F-4049-B827-5B83D294209B}.Release|x86.Build.0 = Release|Win32
		{6005D01D-4AB5-41DE-875F-E0C54AEA7E40}.Debug|x64.ActiveCfg = Debug|x64
		{6005D01D-4AB5-41DE-875F-E0C54AEA7E40}.Debug|x64.Build.0 = Debug|x64
		{6005D01D-4AB5-41DE-875F-E0C54AEA7E40}.Debug|x86.ActiveCfg = Debug|Win32
		{6005D01D-4AB5-41DE-875F-E0C54AEA7E40}.Debug|x86.Build.0 = Debug|Win32
		{6005D01D-4AB5-41DE-875F-E0C54AEA7E40}.Release|x64.ActiveCfg = Release|x64
		{6005D01D-4AB5-41DE-875F-E0C54AEA7E40}.Release|x64.Build.0 = Release|x64
		{6005D01D-4AB5-41DE-875F-E0C54AEA7E40}.Release|x86.ActiveCfg = Release|Win32
		{6005D01D-4AB5-41DE-875F-E0C54AEA7E40}.Release|x86.Build.0 = Release|Win32
		{3D29AB17-3AE9-46E3-8915-D128F4CA3B40}.Debug|x64.ActiveCfg = Debug|x64
		{3D29AB17-3AE9-46E3-8915-D128F4CA3B40}.Debug|x64.Build.0 = Debug|x64
		{3D29AB17-3AE9-46E3-8915-D128F4CA3B40}.Debug|x86.ActiveCfg = Debug|Win32
		{3D29AB17-3AE9-46E3-8915-D128F4CA3B40}.Debug|x86.Build.0 = Debug|Win32
		{3D29AB17-3AE9-46E3-8915-D128F4CA3B40}.Release|x64.ActiveCfg = Release|x64
		{3D29AB17-3AE9-46E3-8915-D128F4CA3B40}.Release|x64.Build.0 = Release|x64
		{3D29AB17-3AE9-46E3-8915-D128F4CA3B40}.Release|x86.ActiveCfg = Release|Win32
		{3D29AB17-3AE9-46E3-8915-D128F4CA3B40}.Release|x86.Build.0 = Release|Win32
		{E46C0A02-6CD9-43D8-9DBF-295C64ADCC81}.Debug|x64.ActiveCfg = Debug|x64
		{E46C0A02-6CD9-43D8-9DBF-295C64ADCC81}.Debug|x64.Build.0 = Debug|x64
		{E46C0A02-6CD9-43D8-9DBF-295C64ADCC81}.Debug|x86.ActiveCfg = Debug|Win32
		{E46C0A02-6CD9-43D8-9DBF-295C64ADCC81}.Debug|x86.Build.0 = Debug|Win32
		{E46C0A02-6CD9-43D8-9DBF-295C64ADCC81}.Release|x64.ActiveCfg = Release|x64
		{E46C0A02-6CD9-43D8-9DBF-295C64ADCC81}.Release|x64.Build.0 = Release|x64
		{E46C0A02-6CD9-43D8-9DBF-295C64ADCC81}.Release|x86.ActiveCfg = Release|Win32
		{E46C0A02-6CD9-43D8-9DBF-295C64ADCC81}.Release|x86.Build.0 = Release|Win32
		{E05CFF00-567A-4EFA-B014-93EB1B68A9EE}.Debug|x64.ActiveCfg = Debug|x64
		{E05CFF00-567A-4EFA-B014-93EB1B68A9EE}.Debug|x64.Build.0 = Debug|x64
		{E05CFF00-567A-4EFA-B014-93EB1B68A9EE}.Debug|x86.ActiveCfg = Debug|Win32
		{E05CFF00-567A-4EFA-B014-93EB1B68A9EE}.Debug|x86.Build.0 = Debug|Win32
		{E05CFF00-567A-4EFA-B014-93EB1B68A9EE}.Release|x64.ActiveCfg = Release|x64
		{E05CFF00-567A-4EFA-B014-93EB1B68A9EE}.Release|x64.Build.0 = Release|x64
		{E05CFF00-567A-4EFA-B014-93EB1B68A9EE}.Release|x86.ActiveCfg = Release|Win32
		{E05CFF00-567A-4EFA-B014-93EB1B68A9EE}.Release|x86.Build.0 = Release|Win32
		{DF7DE25D-F032-4BFD-BFC9-8D25E7FD5D92}.Debug|x64.ActiveCfg = Debug|x64
		{DF7DE25D-F032-4BFD-BFC9-8D25E7FD5D92}.Debug|x64.Build.0 = Debug|x64
		{DF7DE25D-F032-4BFD-BFC9-8D25E7FD5D92}.Debug|x86.ActiveCfg = Debug|Win32
		{DF7DE25D-F032-4BFD-BFC9-8D25E7FD5D92}.Debug|x86.Build.0 = Debug|Win32
		{DF7DE25D-F032-4BFD-BFC9-8D25E7FD5D92}.Release|x64.ActiveCfg = Release|x64
		{DF7DE25D-F032-4BFD-BFC9-8D25E7FD5D92}.Release|x64.Build.0 = Release|x64
		{DF7DE25D-F032-4BFD-BFC9-8D25E7FD5D92}.Release|x86.ActiveCfg = Release|Win32
		{DF7DE25D-F032-4BFD-BFC9-8D25E7FD5D92}.Release|x86.Build.0 = Release|Win32
		{0F17D73B-DAEF-4B35-BE79-E17DDC9BD44F}.Debug|x64.ActiveCfg = Debug|x64
		{0F17D73B-DAEF-4B35-BE79-E17DDC9BD44F}.Debug|x64.Build.0 = Debug|x64
		{0F17D73B-DAEF-4B35-BE79-E17DDC9BD44F}.Debug|x86.ActiveCfg = Debug|Win32
		{0F17D73B-DAEF-4B35-BE79-E17DDC9BD44F}.Debug|x86.Build.0 = Debug|Win32
		{0F17D73B-DAEF-4B35-BE79-E17DDC9BD44F}.Release|x64.ActiveCfg = Release|x64
		{0F17D73B-DAEF-4B35-BE79-E17DDC9BD44F}.Release|x64.Build.0 = Release|x64
		{0F17D73B-DAEF-4B35-BE79-E17DDC9BD44F}.Release|x86.ActiveCfg = Release|Win32
		{0F17D73B-DAEF-4B35-BE79-E17DDC9BD44F}.Release|x86.Build.0 = Release|Win32
		{B1371C0C-6520-451E-BAC5-4FBEC01CD7EA}.Debug|x64.ActiveCfg = Debug|x64
		{B1371C0C-6520-451E-BAC5-4FBEC01CD7EA}.Debug|x64.Build.0 = Debug|x64
		{B1371C0C-6520-451E-BAC5-4FBEC01CD7EA}.Debug|x86.ActiveCfg = Debug|Win32
		{B1371C0C-6520-451E-BAC5-4FBEC01CD7EA}.Debug|x86.Build.0 = Debug|Win32
		{B1371C0C-6520-451E-BAC5-4FBEC01CD7EA}.Release|x64.ActiveCfg = Release|x64
		{B1371C0C-6520-451E-BAC5-4FBEC01CD7EA}.Release|x64.Build.0 = Release|x64
		{B1371C0C-6520-451E-BAC5-4FBEC01CD7EA}.Release|x86.ActiveCfg = Release|Win32
		{B1371C0C-6520-451E-BAC5-4FBEC01CD7EA}.Release|x86.Build.0 = Release|Win32
		{CE4FA91A-8F3D-4CD3-875D-C2985135F520}.Debug|x64.ActiveCfg = Debug|x64
		{CE4FA91A-8F3D-4CD3-875D-C2985135F520}.Debug|x64.Build.0 = Debug|x64
		{CE4FA91A-8F3D-4CD3-875D-C2985135F520}.Debug|x86.ActiveCfg = Debug|Win32
		{CE4FA91A-8F3D-4CD3-875D-C2985135F520}.Debug|x86.Build.0 = Debug|Win32
		{CE4FA91A-8F3D-4CD3-875D-C2985135F520}.Release|x64.ActiveCfg = Release|x64
		{CE4FA91A-8F3D-4CD3-875D-C2985135F520}.Release|x64.Build.0 = Release|x64
		{CE4FA91A-8F3D-4CD3-875D-C2985135F520}.Release|x86.ActiveCfg = Release|Win32
		{CE4FA91A-8F3D-4CD3-875D-C2985135F520}.Release|x86.Build.0 = Release|Win32
	EndGlobalSection
	GlobalSection(SolutionProperties) = preSolution
		HideSolutionNode = FALSE
	EndGlobalSection
	GlobalSection(ExtensibilityGlobals) = postSolution
		SolutionGuid = {CF52ADD4-59E3-460F-AA3B-7D63D11426F7}
	EndGlobalSection
EndGlobal
